// !$*UTF8*$!
{
	archiveVersion = 1;
	classes = {
	};
	objectVersion = 51;
	objects = {

/* Begin PBXBuildFile section */
		6BD9889F08534F47252BB3EF /* Pods_Sequence_Realm.framework in Frameworks */ = {isa = PBXBuildFile; fileRef = E3D42C152D3E4A1471990F88 /* Pods_Sequence_Realm.framework */; };
		8811BFDC23E9AB710067E15B /* AppDelegate.swift in Sources */ = {isa = PBXBuildFile; fileRef = 8811BFDB23E9AB710067E15B /* AppDelegate.swift */; };
		8811BFE023E9AB710067E15B /* ViewController.swift in Sources */ = {isa = PBXBuildFile; fileRef = 8811BFDF23E9AB710067E15B /* ViewController.swift */; };
		8811BFE323E9AB710067E15B /* Main.storyboard in Resources */ = {isa = PBXBuildFile; fileRef = 8811BFE123E9AB710067E15B /* Main.storyboard */; };
		8811BFE523E9AB760067E15B /* Assets.xcassets in Resources */ = {isa = PBXBuildFile; fileRef = 8811BFE423E9AB760067E15B /* Assets.xcassets */; };
		8811BFE823E9AB760067E15B /* LaunchScreen.storyboard in Resources */ = {isa = PBXBuildFile; fileRef = 8811BFE623E9AB760067E15B /* LaunchScreen.storyboard */; };
		8811BFF623E9AF800067E15B /* main.swift in Sources */ = {isa = PBXBuildFile; fileRef = 8811BFF523E9AF800067E15B /* main.swift */; };
		8811C00123E9B6B70067E15B /* output.json in Resources */ = {isa = PBXBuildFile; fileRef = 8811C00023E9B6B70067E15B /* output.json */; };
		8811C00523E9BAAF0067E15B /* LazyDecodingSequence.swift in Sources */ = {isa = PBXBuildFile; fileRef = 8811C00423E9BAAF0067E15B /* LazyDecodingSequence.swift */; };
		8896B23A23ED4DE0008626AB /* Model.swift in Sources */ = {isa = PBXBuildFile; fileRef = 8896B23923ED4DE0008626AB /* Model.swift */; };
		8896B23C23ED72F1008626AB /* TableViewCell.swift in Sources */ = {isa = PBXBuildFile; fileRef = 8896B23B23ED72F1008626AB /* TableViewCell.swift */; };
		8896B23E23EDA7B7008626AB /* DetailViewController.swift in Sources */ = {isa = PBXBuildFile; fileRef = 8896B23D23EDA7B7008626AB /* DetailViewController.swift */; };
		8896B24023EDAC03008626AB /* String+Extension.swift in Sources */ = {isa = PBXBuildFile; fileRef = 8896B23F23EDAC03008626AB /* String+Extension.swift */; };
/* End PBXBuildFile section */

/* Begin PBXCopyFilesBuildPhase section */
		8811BFF123E9AF800067E15B /* CopyFiles */ = {
			isa = PBXCopyFilesBuildPhase;
			buildActionMask = 2147483647;
			dstPath = /usr/share/man/man1/;
			dstSubfolderSpec = 0;
			files = (
			);
			runOnlyForDeploymentPostprocessing = 1;
		};
/* End PBXCopyFilesBuildPhase section */

/* Begin PBXFileReference section */
		8811BFD823E9AB710067E15B /* Sequence+Realm.app */ = {isa = PBXFileReference; explicitFileType = wrapper.application; includeInIndex = 0; path = "Sequence+Realm.app"; sourceTree = BUILT_PRODUCTS_DIR; };
		8811BFDB23E9AB710067E15B /* AppDelegate.swift */ = {isa = PBXFileReference; lastKnownFileType = sourcecode.swift; path = AppDelegate.swift; sourceTree = "<group>"; };
		8811BFDF23E9AB710067E15B /* ViewController.swift */ = {isa = PBXFileReference; lastKnownFileType = sourcecode.swift; path = ViewController.swift; sourceTree = "<group>"; };
		8811BFE223E9AB710067E15B /* Base */ = {isa = PBXFileReference; lastKnownFileType = file.storyboard; name = Base; path = Base.lproj/Main.storyboard; sourceTree = "<group>"; };
		8811BFE423E9AB760067E15B /* Assets.xcassets */ = {isa = PBXFileReference; lastKnownFileType = folder.assetcatalog; path = Assets.xcassets; sourceTree = "<group>"; };
		8811BFE723E9AB760067E15B /* Base */ = {isa = PBXFileReference; lastKnownFileType = file.storyboard; name = Base; path = Base.lproj/LaunchScreen.storyboard; sourceTree = "<group>"; };
		8811BFE923E9AB760067E15B /* Info.plist */ = {isa = PBXFileReference; lastKnownFileType = text.plist.xml; path = Info.plist; sourceTree = "<group>"; };
		8811BFF323E9AF800067E15B /* gen */ = {isa = PBXFileReference; explicitFileType = "compiled.mach-o.executable"; includeInIndex = 0; path = gen; sourceTree = BUILT_PRODUCTS_DIR; };
		8811BFF523E9AF800067E15B /* main.swift */ = {isa = PBXFileReference; lastKnownFileType = sourcecode.swift; path = main.swift; sourceTree = "<group>"; };
		8811C00023E9B6B70067E15B /* output.json */ = {isa = PBXFileReference; fileEncoding = 4; lastKnownFileType = text.json; path = output.json; sourceTree = "<group>"; };
		8811C00423E9BAAF0067E15B /* LazyDecodingSequence.swift */ = {isa = PBXFileReference; lastKnownFileType = sourcecode.swift; path = LazyDecodingSequence.swift; sourceTree = "<group>"; };
		8896B23923ED4DE0008626AB /* Model.swift */ = {isa = PBXFileReference; lastKnownFileType = sourcecode.swift; path = Model.swift; sourceTree = "<group>"; };
		8896B23B23ED72F1008626AB /* TableViewCell.swift */ = {isa = PBXFileReference; lastKnownFileType = sourcecode.swift; path = TableViewCell.swift; sourceTree = "<group>"; };
		8896B23D23EDA7B7008626AB /* DetailViewController.swift */ = {isa = PBXFileReference; lastKnownFileType = sourcecode.swift; path = DetailViewController.swift; sourceTree = "<group>"; };
		8896B23F23EDAC03008626AB /* String+Extension.swift */ = {isa = PBXFileReference; lastKnownFileType = sourcecode.swift; path = "String+Extension.swift"; sourceTree = "<group>"; };
		948AD961F12538A3EE95B566 /* Pods-Sequence+Realm.debuginmemory.xcconfig */ = {isa = PBXFileReference; includeInIndex = 1; lastKnownFileType = text.xcconfig; name = "Pods-Sequence+Realm.debuginmemory.xcconfig"; path = "Target Support Files/Pods-Sequence+Realm/Pods-Sequence+Realm.debuginmemory.xcconfig"; sourceTree = "<group>"; };
		9D8E22863711A528791D0F8A /* Pods-Sequence+Realm.debug.xcconfig */ = {isa = PBXFileReference; includeInIndex = 1; lastKnownFileType = text.xcconfig; name = "Pods-Sequence+Realm.debug.xcconfig"; path = "Target Support Files/Pods-Sequence+Realm/Pods-Sequence+Realm.debug.xcconfig"; sourceTree = "<group>"; };
		E3D42C152D3E4A1471990F88 /* Pods_Sequence_Realm.framework */ = {isa = PBXFileReference; explicitFileType = wrapper.framework; includeInIndex = 0; path = Pods_Sequence_Realm.framework; sourceTree = BUILT_PRODUCTS_DIR; };
		E97E112B16CBF042B6A1C4F7 /* Pods-Sequence+Realm.release.xcconfig */ = {isa = PBXFileReference; includeInIndex = 1; lastKnownFileType = text.xcconfig; name = "Pods-Sequence+Realm.release.xcconfig"; path = "Target Support Files/Pods-Sequence+Realm/Pods-Sequence+Realm.release.xcconfig"; sourceTree = "<group>"; };
/* End PBXFileReference section */

/* Begin PBXFrameworksBuildPhase section */
		8811BFD523E9AB710067E15B /* Frameworks */ = {
			isa = PBXFrameworksBuildPhase;
			buildActionMask = 2147483647;
			files = (
				6BD9889F08534F47252BB3EF /* Pods_Sequence_Realm.framework in Frameworks */,
			);
			runOnlyForDeploymentPostprocessing = 0;
		};
		8811BFF023E9AF800067E15B /* Frameworks */ = {
			isa = PBXFrameworksBuildPhase;
			buildActionMask = 2147483647;
			files = (
			);
			runOnlyForDeploymentPostprocessing = 0;
		};
/* End PBXFrameworksBuildPhase section */

/* Begin PBXGroup section */
		8811BFCF23E9AB710067E15B = {
			isa = PBXGroup;
			children = (
				8811BFDA23E9AB710067E15B /* Sequence+Realm */,
				8811BFF423E9AF800067E15B /* gen */,
				8811BFD923E9AB710067E15B /* Products */,
				B18151DE3C20D3170DB8CC99 /* Pods */,
				F7AEF69B152C9FF23C306D94 /* Frameworks */,
			);
			sourceTree = "<group>";
		};
		8811BFD923E9AB710067E15B /* Products */ = {
			isa = PBXGroup;
			children = (
				8811BFD823E9AB710067E15B /* Sequence+Realm.app */,
				8811BFF323E9AF800067E15B /* gen */,
			);
			name = Products;
			sourceTree = "<group>";
		};
		8811BFDA23E9AB710067E15B /* Sequence+Realm */ = {
			isa = PBXGroup;
			children = (
				8811BFDB23E9AB710067E15B /* AppDelegate.swift */,
				8811BFE123E9AB710067E15B /* Main.storyboard */,
				8811BFDF23E9AB710067E15B /* ViewController.swift */,
				8896B23B23ED72F1008626AB /* TableViewCell.swift */,
				8896B23D23EDA7B7008626AB /* DetailViewController.swift */,
				8896B23F23EDAC03008626AB /* String+Extension.swift */,
				8896B23923ED4DE0008626AB /* Model.swift */,
				8811C00423E9BAAF0067E15B /* LazyDecodingSequence.swift */,
				8811BFE423E9AB760067E15B /* Assets.xcassets */,
				8811BFE623E9AB760067E15B /* LaunchScreen.storyboard */,
				8811C00023E9B6B70067E15B /* output.json */,
				8811BFE923E9AB760067E15B /* Info.plist */,
			);
			path = "Sequence+Realm";
			sourceTree = "<group>";
		};
		8811BFF423E9AF800067E15B /* gen */ = {
			isa = PBXGroup;
			children = (
				8811BFF523E9AF800067E15B /* main.swift */,
			);
			path = gen;
			sourceTree = "<group>";
		};
		B18151DE3C20D3170DB8CC99 /* Pods */ = {
			isa = PBXGroup;
			children = (
				9D8E22863711A528791D0F8A /* Pods-Sequence+Realm.debug.xcconfig */,
				E97E112B16CBF042B6A1C4F7 /* Pods-Sequence+Realm.release.xcconfig */,
				948AD961F12538A3EE95B566 /* Pods-Sequence+Realm.debuginmemory.xcconfig */,
			);
			path = Pods;
			sourceTree = "<group>";
		};
		F7AEF69B152C9FF23C306D94 /* Frameworks */ = {
			isa = PBXGroup;
			children = (
				E3D42C152D3E4A1471990F88 /* Pods_Sequence_Realm.framework */,
			);
			name = Frameworks;
			sourceTree = "<group>";
		};
/* End PBXGroup section */

/* Begin PBXNativeTarget section */
		8811BFD723E9AB710067E15B /* Sequence+Realm */ = {
			isa = PBXNativeTarget;
			buildConfigurationList = 8811BFEC23E9AB760067E15B /* Build configuration list for PBXNativeTarget "Sequence+Realm" */;
			buildPhases = (
				0E2BD931A3260654A8128B91 /* [CP] Check Pods Manifest.lock */,
				8811BFD423E9AB710067E15B /* Sources */,
				8811BFD523E9AB710067E15B /* Frameworks */,
				8811BFD623E9AB710067E15B /* Resources */,
				8EEE1664B0C574037E2037F6 /* [CP] Embed Pods Frameworks */,
			);
			buildRules = (
			);
			dependencies = (
			);
			name = "Sequence+Realm";
			productName = "Sequence+Realm";
			productReference = 8811BFD823E9AB710067E15B /* Sequence+Realm.app */;
			productType = "com.apple.product-type.application";
		};
		8811BFF223E9AF800067E15B /* gen */ = {
			isa = PBXNativeTarget;
			buildConfigurationList = 8811BFF723E9AF800067E15B /* Build configuration list for PBXNativeTarget "gen" */;
			buildPhases = (
				8811BFEF23E9AF800067E15B /* Sources */,
				8811BFF023E9AF800067E15B /* Frameworks */,
				8811BFF123E9AF800067E15B /* CopyFiles */,
			);
			buildRules = (
			);
			dependencies = (
			);
			name = gen;
			productName = gen;
			productReference = 8811BFF323E9AF800067E15B /* gen */;
			productType = "com.apple.product-type.tool";
		};
/* End PBXNativeTarget section */

/* Begin PBXProject section */
		8811BFD023E9AB710067E15B /* Project object */ = {
			isa = PBXProject;
			attributes = {
				LastSwiftUpdateCheck = 1130;
				LastUpgradeCheck = 1130;
				ORGANIZATIONNAME = "Ihor Mostoviy";
				TargetAttributes = {
					8811BFD723E9AB710067E15B = {
						CreatedOnToolsVersion = 11.3.1;
					};
					8811BFF223E9AF800067E15B = {
						CreatedOnToolsVersion = 11.3.1;
					};
				};
			};
			buildConfigurationList = 8811BFD323E9AB710067E15B /* Build configuration list for PBXProject "Sequence+Realm" */;
			compatibilityVersion = "Xcode 9.3";
			developmentRegion = en;
			hasScannedForEncodings = 0;
			knownRegions = (
				en,
				Base,
			);
			mainGroup = 8811BFCF23E9AB710067E15B;
			productRefGroup = 8811BFD923E9AB710067E15B /* Products */;
			projectDirPath = "";
			projectRoot = "";
			targets = (
				8811BFD723E9AB710067E15B /* Sequence+Realm */,
				8811BFF223E9AF800067E15B /* gen */,
			);
		};
/* End PBXProject section */

/* Begin PBXResourcesBuildPhase section */
		8811BFD623E9AB710067E15B /* Resources */ = {
			isa = PBXResourcesBuildPhase;
			buildActionMask = 2147483647;
			files = (
				8811C00123E9B6B70067E15B /* output.json in Resources */,
				8811BFE823E9AB760067E15B /* LaunchScreen.storyboard in Resources */,
				8811BFE523E9AB760067E15B /* Assets.xcassets in Resources */,
				8811BFE323E9AB710067E15B /* Main.storyboard in Resources */,
			);
			runOnlyForDeploymentPostprocessing = 0;
		};
/* End PBXResourcesBuildPhase section */

/* Begin PBXShellScriptBuildPhase section */
		0E2BD931A3260654A8128B91 /* [CP] Check Pods Manifest.lock */ = {
			isa = PBXShellScriptBuildPhase;
			buildActionMask = 2147483647;
			files = (
			);
			inputFileListPaths = (
			);
			inputPaths = (
				"${PODS_PODFILE_DIR_PATH}/Podfile.lock",
				"${PODS_ROOT}/Manifest.lock",
			);
			name = "[CP] Check Pods Manifest.lock";
			outputFileListPaths = (
			);
			outputPaths = (
				"$(DERIVED_FILE_DIR)/Pods-Sequence+Realm-checkManifestLockResult.txt",
			);
			runOnlyForDeploymentPostprocessing = 0;
			shellPath = /bin/sh;
			shellScript = "diff \"${PODS_PODFILE_DIR_PATH}/Podfile.lock\" \"${PODS_ROOT}/Manifest.lock\" > /dev/null\nif [ $? != 0 ] ; then\n    # print error to STDERR\n    echo \"error: The sandbox is not in sync with the Podfile.lock. Run 'pod install' or update your CocoaPods installation.\" >&2\n    exit 1\nfi\n# This output is used by Xcode 'outputs' to avoid re-running this script phase.\necho \"SUCCESS\" > \"${SCRIPT_OUTPUT_FILE_0}\"\n";
			showEnvVarsInLog = 0;
		};
		8EEE1664B0C574037E2037F6 /* [CP] Embed Pods Frameworks */ = {
			isa = PBXShellScriptBuildPhase;
			buildActionMask = 2147483647;
			files = (
			);
			inputFileListPaths = (
				"${PODS_ROOT}/Target Support Files/Pods-Sequence+Realm/Pods-Sequence+Realm-frameworks-${CONFIGURATION}-input-files.xcfilelist",
			);
			name = "[CP] Embed Pods Frameworks";
			outputFileListPaths = (
				"${PODS_ROOT}/Target Support Files/Pods-Sequence+Realm/Pods-Sequence+Realm-frameworks-${CONFIGURATION}-output-files.xcfilelist",
			);
			runOnlyForDeploymentPostprocessing = 0;
			shellPath = /bin/sh;
			shellScript = "\"${PODS_ROOT}/Target Support Files/Pods-Sequence+Realm/Pods-Sequence+Realm-frameworks.sh\"\n";
			showEnvVarsInLog = 0;
		};
/* End PBXShellScriptBuildPhase section */

/* Begin PBXSourcesBuildPhase section */
		8811BFD423E9AB710067E15B /* Sources */ = {
			isa = PBXSourcesBuildPhase;
			buildActionMask = 2147483647;
			files = (
				8896B23C23ED72F1008626AB /* TableViewCell.swift in Sources */,
				8896B24023EDAC03008626AB /* String+Extension.swift in Sources */,
				8896B23A23ED4DE0008626AB /* Model.swift in Sources */,
				8811BFE023E9AB710067E15B /* ViewController.swift in Sources */,
				8896B23E23EDA7B7008626AB /* DetailViewController.swift in Sources */,
				8811BFDC23E9AB710067E15B /* AppDelegate.swift in Sources */,
				8811C00523E9BAAF0067E15B /* LazyDecodingSequence.swift in Sources */,
			);
			runOnlyForDeploymentPostprocessing = 0;
		};
		8811BFEF23E9AF800067E15B /* Sources */ = {
			isa = PBXSourcesBuildPhase;
			buildActionMask = 2147483647;
			files = (
				8811BFF623E9AF800067E15B /* main.swift in Sources */,
			);
			runOnlyForDeploymentPostprocessing = 0;
		};
/* End PBXSourcesBuildPhase section */

/* Begin PBXVariantGroup section */
		8811BFE123E9AB710067E15B /* Main.storyboard */ = {
			isa = PBXVariantGroup;
			children = (
				8811BFE223E9AB710067E15B /* Base */,
			);
			name = Main.storyboard;
			sourceTree = "<group>";
		};
		8811BFE623E9AB760067E15B /* LaunchScreen.storyboard */ = {
			isa = PBXVariantGroup;
			children = (
				8811BFE723E9AB760067E15B /* Base */,
			);
			name = LaunchScreen.storyboard;
			sourceTree = "<group>";
		};
/* End PBXVariantGroup section */

/* Begin XCBuildConfiguration section */
		8811BFEA23E9AB760067E15B /* Debug */ = {
			isa = XCBuildConfiguration;
			buildSettings = {
				ALWAYS_SEARCH_USER_PATHS = NO;
				CLANG_ANALYZER_NONNULL = YES;
				CLANG_ANALYZER_NUMBER_OBJECT_CONVERSION = YES_AGGRESSIVE;
				CLANG_CXX_LANGUAGE_STANDARD = "gnu++14";
				CLANG_CXX_LIBRARY = "libc++";
				CLANG_ENABLE_MODULES = YES;
				CLANG_ENABLE_OBJC_ARC = YES;
				CLANG_ENABLE_OBJC_WEAK = YES;
				CLANG_WARN_BLOCK_CAPTURE_AUTORELEASING = YES;
				CLANG_WARN_BOOL_CONVERSION = YES;
				CLANG_WARN_COMMA = YES;
				CLANG_WARN_CONSTANT_CONVERSION = YES;
				CLANG_WARN_DEPRECATED_OBJC_IMPLEMENTATIONS = YES;
				CLANG_WARN_DIRECT_OBJC_ISA_USAGE = YES_ERROR;
				CLANG_WARN_DOCUMENTATION_COMMENTS = YES;
				CLANG_WARN_EMPTY_BODY = YES;
				CLANG_WARN_ENUM_CONVERSION = YES;
				CLANG_WARN_INFINITE_RECURSION = YES;
				CLANG_WARN_INT_CONVERSION = YES;
				CLANG_WARN_NON_LITERAL_NULL_CONVERSION = YES;
				CLANG_WARN_OBJC_IMPLICIT_RETAIN_SELF = YES;
				CLANG_WARN_OBJC_LITERAL_CONVERSION = YES;
				CLANG_WARN_OBJC_ROOT_CLASS = YES_ERROR;
				CLANG_WARN_RANGE_LOOP_ANALYSIS = YES;
				CLANG_WARN_STRICT_PROTOTYPES = YES;
				CLANG_WARN_SUSPICIOUS_MOVE = YES;
				CLANG_WARN_UNGUARDED_AVAILABILITY = YES_AGGRESSIVE;
				CLANG_WARN_UNREACHABLE_CODE = YES;
				CLANG_WARN__DUPLICATE_METHOD_MATCH = YES;
				COPY_PHASE_STRIP = NO;
				DEBUG_INFORMATION_FORMAT = dwarf;
				ENABLE_STRICT_OBJC_MSGSEND = YES;
				ENABLE_TESTABILITY = YES;
				GCC_C_LANGUAGE_STANDARD = gnu11;
				GCC_DYNAMIC_NO_PIC = NO;
				GCC_NO_COMMON_BLOCKS = YES;
				GCC_OPTIMIZATION_LEVEL = 0;
				GCC_PREPROCESSOR_DEFINITIONS = (
					"DEBUG=1",
					"$(inherited)",
				);
				GCC_WARN_64_TO_32_BIT_CONVERSION = YES;
				GCC_WARN_ABOUT_RETURN_TYPE = YES_ERROR;
				GCC_WARN_UNDECLARED_SELECTOR = YES;
				GCC_WARN_UNINITIALIZED_AUTOS = YES_AGGRESSIVE;
				GCC_WARN_UNUSED_FUNCTION = YES;
				GCC_WARN_UNUSED_VARIABLE = YES;
				IPHONEOS_DEPLOYMENT_TARGET = 13.2;
				MTL_ENABLE_DEBUG_INFO = INCLUDE_SOURCE;
				MTL_FAST_MATH = YES;
				ONLY_ACTIVE_ARCH = YES;
				SDKROOT = iphoneos;
				SWIFT_ACTIVE_COMPILATION_CONDITIONS = DEBUG;
				SWIFT_OPTIMIZATION_LEVEL = "-Onone";
			};
			name = Debug;
		};
		8811BFEB23E9AB760067E15B /* Release */ = {
			isa = XCBuildConfiguration;
			buildSettings = {
				ALWAYS_SEARCH_USER_PATHS = NO;
				CLANG_ANALYZER_NONNULL = YES;
				CLANG_ANALYZER_NUMBER_OBJECT_CONVERSION = YES_AGGRESSIVE;
				CLANG_CXX_LANGUAGE_STANDARD = "gnu++14";
				CLANG_CXX_LIBRARY = "libc++";
				CLANG_ENABLE_MODULES = YES;
				CLANG_ENABLE_OBJC_ARC = YES;
				CLANG_ENABLE_OBJC_WEAK = YES;
				CLANG_WARN_BLOCK_CAPTURE_AUTORELEASING = YES;
				CLANG_WARN_BOOL_CONVERSION = YES;
				CLANG_WARN_COMMA = YES;
				CLANG_WARN_CONSTANT_CONVERSION = YES;
				CLANG_WARN_DEPRECATED_OBJC_IMPLEMENTATIONS = YES;
				CLANG_WARN_DIRECT_OBJC_ISA_USAGE = YES_ERROR;
				CLANG_WARN_DOCUMENTATION_COMMENTS = YES;
				CLANG_WARN_EMPTY_BODY = YES;
				CLANG_WARN_ENUM_CONVERSION = YES;
				CLANG_WARN_INFINITE_RECURSION = YES;
				CLANG_WARN_INT_CONVERSION = YES;
				CLANG_WARN_NON_LITERAL_NULL_CONVERSION = YES;
				CLANG_WARN_OBJC_IMPLICIT_RETAIN_SELF = YES;
				CLANG_WARN_OBJC_LITERAL_CONVERSION = YES;
				CLANG_WARN_OBJC_ROOT_CLASS = YES_ERROR;
				CLANG_WARN_RANGE_LOOP_ANALYSIS = YES;
				CLANG_WARN_STRICT_PROTOTYPES = YES;
				CLANG_WARN_SUSPICIOUS_MOVE = YES;
				CLANG_WARN_UNGUARDED_AVAILABILITY = YES_AGGRESSIVE;
				CLANG_WARN_UNREACHABLE_CODE = YES;
				CLANG_WARN__DUPLICATE_METHOD_MATCH = YES;
				COPY_PHASE_STRIP = NO;
				DEBUG_INFORMATION_FORMAT = "dwarf-with-dsym";
				ENABLE_NS_ASSERTIONS = NO;
				ENABLE_STRICT_OBJC_MSGSEND = YES;
				GCC_C_LANGUAGE_STANDARD = gnu11;
				GCC_NO_COMMON_BLOCKS = YES;
				GCC_WARN_64_TO_32_BIT_CONVERSION = YES;
				GCC_WARN_ABOUT_RETURN_TYPE = YES_ERROR;
				GCC_WARN_UNDECLARED_SELECTOR = YES;
				GCC_WARN_UNINITIALIZED_AUTOS = YES_AGGRESSIVE;
				GCC_WARN_UNUSED_FUNCTION = YES;
				GCC_WARN_UNUSED_VARIABLE = YES;
				IPHONEOS_DEPLOYMENT_TARGET = 13.2;
				MTL_ENABLE_DEBUG_INFO = NO;
				MTL_FAST_MATH = YES;
				SDKROOT = iphoneos;
				SWIFT_COMPILATION_MODE = wholemodule;
				SWIFT_OPTIMIZATION_LEVEL = "-O";
				VALIDATE_PRODUCT = YES;
			};
			name = Release;
		};
		8811BFED23E9AB760067E15B /* Debug */ = {
			isa = XCBuildConfiguration;
			baseConfigurationReference = 9D8E22863711A528791D0F8A /* Pods-Sequence+Realm.debug.xcconfig */;
			buildSettings = {
				ASSETCATALOG_COMPILER_APPICON_NAME = AppIcon;
				CODE_SIGN_STYLE = Automatic;
				INFOPLIST_FILE = "Sequence+Realm/Info.plist";
				IS_IN_MEMORY = NO;
				LD_RUNPATH_SEARCH_PATHS = (
					"$(inherited)",
					"@executable_path/Frameworks",
				);
				PRODUCT_BUNDLE_IDENTIFIER = "PDP.Sequence-Realm";
				PRODUCT_NAME = "$(TARGET_NAME)";
				SWIFT_VERSION = 5.0;
				TARGETED_DEVICE_FAMILY = "1,2";
			};
			name = Debug;
		};
		8811BFEE23E9AB760067E15B /* Release */ = {
			isa = XCBuildConfiguration;
			baseConfigurationReference = E97E112B16CBF042B6A1C4F7 /* Pods-Sequence+Realm.release.xcconfig */;
			buildSettings = {
				ASSETCATALOG_COMPILER_APPICON_NAME = AppIcon;
				CODE_SIGN_STYLE = Automatic;
				INFOPLIST_FILE = "Sequence+Realm/Info.plist";
				IS_IN_MEMORY = NO;
				LD_RUNPATH_SEARCH_PATHS = (
					"$(inherited)",
					"@executable_path/Frameworks",
				);
				PRODUCT_BUNDLE_IDENTIFIER = "PDP.Sequence-Realm";
				PRODUCT_NAME = "$(TARGET_NAME)";
				SWIFT_VERSION = 5.0;
				TARGETED_DEVICE_FAMILY = "1,2";
			};
			name = Release;
		};
		8811BFF823E9AF800067E15B /* Debug */ = {
			isa = XCBuildConfiguration;
			buildSettings = {
				CODE_SIGN_STYLE = Automatic;
				MACOSX_DEPLOYMENT_TARGET = 10.15;
				PRODUCT_NAME = "$(TARGET_NAME)";
				SDKROOT = macosx;
				SWIFT_VERSION = 5.0;
			};
			name = Debug;
		};
		8811BFF923E9AF800067E15B /* Release */ = {
			isa = XCBuildConfiguration;
			buildSettings = {
				CODE_SIGN_STYLE = Automatic;
				MACOSX_DEPLOYMENT_TARGET = 10.15;
				PRODUCT_NAME = "$(TARGET_NAME)";
				SDKROOT = macosx;
				SWIFT_VERSION = 5.0;
			};
			name = Release;
		};
		8872EF9423EAEF3B00DBE090 /* DebugInMemory */ = {
			isa = XCBuildConfiguration;
			buildSettings = {
				ALWAYS_SEARCH_USER_PATHS = NO;
				CLANG_ANALYZER_NONNULL = YES;
				CLANG_ANALYZER_NUMBER_OBJECT_CONVERSION = YES_AGGRESSIVE;
				CLANG_CXX_LANGUAGE_STANDARD = "gnu++14";
				CLANG_CXX_LIBRARY = "libc++";
				CLANG_ENABLE_MODULES = YES;
				CLANG_ENABLE_OBJC_ARC = YES;
				CLANG_ENABLE_OBJC_WEAK = YES;
				CLANG_WARN_BLOCK_CAPTURE_AUTORELEASING = YES;
				CLANG_WARN_BOOL_CONVERSION = YES;
				CLANG_WARN_COMMA = YES;
				CLANG_WARN_CONSTANT_CONVERSION = YES;
				CLANG_WARN_DEPRECATED_OBJC_IMPLEMENTATIONS = YES;
				CLANG_WARN_DIRECT_OBJC_ISA_USAGE = YES_ERROR;
				CLANG_WARN_DOCUMENTATION_COMMENTS = YES;
				CLANG_WARN_EMPTY_BODY = YES;
				CLANG_WARN_ENUM_CONVERSION = YES;
				CLANG_WARN_INFINITE_RECURSION = YES;
				CLANG_WARN_INT_CONVERSION = YES;
				CLANG_WARN_NON_LITERAL_NULL_CONVERSION = YES;
				CLANG_WARN_OBJC_IMPLICIT_RETAIN_SELF = YES;
				CLANG_WARN_OBJC_LITERAL_CONVERSION = YES;
				CLANG_WARN_OBJC_ROOT_CLASS = YES_ERROR;
				CLANG_WARN_RANGE_LOOP_ANALYSIS = YES;
				CLANG_WARN_STRICT_PROTOTYPES = YES;
				CLANG_WARN_SUSPICIOUS_MOVE = YES;
				CLANG_WARN_UNGUARDED_AVAILABILITY = YES_AGGRESSIVE;
				CLANG_WARN_UNREACHABLE_CODE = YES;
				CLANG_WARN__DUPLICATE_METHOD_MATCH = YES;
				COPY_PHASE_STRIP = NO;
				DEBUG_INFORMATION_FORMAT = dwarf;
				ENABLE_STRICT_OBJC_MSGSEND = YES;
				ENABLE_TESTABILITY = YES;
				GCC_C_LANGUAGE_STANDARD = gnu11;
				GCC_DYNAMIC_NO_PIC = NO;
				GCC_NO_COMMON_BLOCKS = YES;
				GCC_OPTIMIZATION_LEVEL = 0;
				GCC_PREPROCESSOR_DEFINITIONS = (
					"DEBUG=1",
					"$(inherited)",
				);
				GCC_WARN_64_TO_32_BIT_CONVERSION = YES;
				GCC_WARN_ABOUT_RETURN_TYPE = YES_ERROR;
				GCC_WARN_UNDECLARED_SELECTOR = YES;
				GCC_WARN_UNINITIALIZED_AUTOS = YES_AGGRESSIVE;
				GCC_WARN_UNUSED_FUNCTION = YES;
				GCC_WARN_UNUSED_VARIABLE = YES;
				IPHONEOS_DEPLOYMENT_TARGET = 13.2;
				MTL_ENABLE_DEBUG_INFO = INCLUDE_SOURCE;
				MTL_FAST_MATH = YES;
				ONLY_ACTIVE_ARCH = YES;
				SDKROOT = iphoneos;
				SWIFT_ACTIVE_COMPILATION_CONDITIONS = DEBUG;
				SWIFT_OPTIMIZATION_LEVEL = "-Onone";
			};
			name = DebugInMemory;
		};
		8872EF9523EAEF3B00DBE090 /* DebugInMemory */ = {
			isa = XCBuildConfiguration;
			baseConfigurationReference = 948AD961F12538A3EE95B566 /* Pods-Sequence+Realm.debuginmemory.xcconfig */;
			buildSettings = {
				ASSETCATALOG_COMPILER_APPICON_NAME = AppIcon;
				CODE_SIGN_STYLE = Automatic;
				INFOPLIST_FILE = "Sequence+Realm/Info.plist";
				IS_IN_MEMORY = YES;
				LD_RUNPATH_SEARCH_PATHS = (
					"$(inherited)",
					"@executable_path/Frameworks",
				);
				PRODUCT_BUNDLE_IDENTIFIER = "PDP.Sequence-Realm";
				PRODUCT_NAME = "$(TARGET_NAME)";
				SWIFT_VERSION = 5.0;
				TARGETED_DEVICE_FAMILY = "1,2";
			};
			name = DebugInMemory;
		};
		8872EF9623EAEF3B00DBE090 /* DebugInMemory */ = {
			isa = XCBuildConfiguration;
			buildSettings = {
				CODE_SIGN_STYLE = Automatic;
				MACOSX_DEPLOYMENT_TARGET = 10.15;
				PRODUCT_NAME = "$(TARGET_NAME)";
				SDKROOT = macosx;
				SWIFT_VERSION = 5.0;
			};
			name = DebugInMemory;
		};
/* End XCBuildConfiguration section */

/* Begin XCConfigurationList section */
		8811BFD323E9AB710067E15B /* Build configuration list for PBXProject "Sequence+Realm" */ = {
			isa = XCConfigurationList;
			buildConfigurations = (
				8811BFEA23E9AB760067E15B /* Debug */,
				8872EF9423EAEF3B00DBE090 /* DebugInMemory */,
				8811BFEB23E9AB760067E15B /* Release */,
			);
			defaultConfigurationIsVisible = 0;
			defaultConfigurationName = Release;
		};
		8811BFEC23E9AB760067E15B /* Build configuration list for PBXNativeTarget "Sequence+Realm" */ = {
			isa = XCConfigurationList;
			buildConfigurations = (
				8811BFED23E9AB760067E15B /* Debug */,
				8872EF9523EAEF3B00DBE090 /* DebugInMemory */,
				8811BFEE23E9AB760067E15B /* Release */,
			);
			defaultConfigurationIsVisible = 0;
			defaultConfigurationName = Release;
		};
		8811BFF723E9AF800067E15B /* Build configuration list for PBXNativeTarget "gen" */ = {
			isa = XCConfigurationList;
			buildConfigurations = (
				8811BFF823E9AF800067E15B /* Debug */,
				8872EF9623EAEF3B00DBE090 /* DebugInMemory */,
				8811BFF923E9AF800067E15B /* Release */,
			);
			defaultConfigurationIsVisible = 0;
			defaultConfigurationName = Release;
		};
/* End XCConfigurationList section */
	};
	rootObject = 8811BFD023E9AB710067E15B /* Project object */;
}
